
Microsoft Visual Studio Solution File, Format Version 12.00
# Visual Studio 14
VisualStudioVersion = 14.0.23107.0
MinimumVisualStudioVersion = 10.0.40219.1
Project("{FAE04EC0-301F-11D3-BF4B-00C04F79EFBC}") = "ReptileManager", "ReptileManager\ReptileManager.csproj", "{F4822E03-089D-46B8-AF7D-8D7811FC3A32}"
EndProject
Project("{2150E333-8FDC-42A3-9474-1A3956D46DE8}") = "PublishScripts", "PublishScripts", "{48A2A654-8215-46FE-B9BE-1A8F5BE0CC99}"
	ProjectSection(SolutionItems) = preProject
		PublishScripts\AzureWebsitePublishModule.psm1 = PublishScripts\AzureWebsitePublishModule.psm1
		PublishScripts\Publish-WebApplicationWebsite.ps1 = PublishScripts\Publish-WebApplicationWebsite.ps1
	EndProjectSection
EndProject
Project("{2150E333-8FDC-42A3-9474-1A3956D46DE8}") = "Configurations", "Configurations", "{5202A0B7-E9A4-4D40-8E17-ACF86AA6DF60}"
	ProjectSection(SolutionItems) = preProject
		PublishScripts\Configurations\ReptileManager-WAWS-dev.json = PublishScripts\Configurations\ReptileManager-WAWS-dev.json
	EndProjectSection
EndProject
Project("{FAE04EC0-301F-11D3-BF4B-00C04F79EFBC}") = "ReptileManagerTests", "ReptileManagerTests\ReptileManagerTests.csproj", "{1EB3D01A-5FB5-4C7A-90B3-843B411E6453}"
EndProject
Project("{FAE04EC0-301F-11D3-BF4B-00C04F79EFBC}") = "Persistence", "Persistence\Persistence.csproj", "{507C66F3-3BCF-4665-8071-10EBF5DF82E7}"
EndProject
Project("{FAE04EC0-301F-11D3-BF4B-00C04F79EFBC}") = "Logging", "Logging\Logging.csproj", "{4E760919-1FDC-4B93-8FD3-C862EA3EA9F7}"
EndProject
Global
	GlobalSection(SolutionConfigurationPlatforms) = preSolution
		Debug|Any CPU = Debug|Any CPU
		Release|Any CPU = Release|Any CPU
	EndGlobalSection
	GlobalSection(ProjectConfigurationPlatforms) = postSolution
		{F4822E03-089D-46B8-AF7D-8D7811FC3A32}.Debug|Any CPU.ActiveCfg = Debug|Any CPU
		{F4822E03-089D-46B8-AF7D-8D7811FC3A32}.Debug|Any CPU.Build.0 = Debug|Any CPU
		{F4822E03-089D-46B8-AF7D-8D7811FC3A32}.Release|Any CPU.ActiveCfg = Release|Any CPU
		{F4822E03-089D-46B8-AF7D-8D7811FC3A32}.Release|Any CPU.Build.0 = Release|Any CPU
		{1EB3D01A-5FB5-4C7A-90B3-843B411E6453}.Debug|Any CPU.ActiveCfg = Debug|Any CPU
		{1EB3D01A-5FB5-4C7A-90B3-843B411E6453}.Debug|Any CPU.Build.0 = Debug|Any CPU
		{1EB3D01A-5FB5-4C7A-90B3-843B411E6453}.Release|Any CPU.ActiveCfg = Release|Any CPU
		{1EB3D01A-5FB5-4C7A-90B3-843B411E6453}.Release|Any CPU.Build.0 = Release|Any CPU
		{507C66F3-3BCF-4665-8071-10EBF5DF82E7}.Debug|Any CPU.ActiveCfg = Debug|Any CPU
		{507C66F3-3BCF-4665-8071-10EBF5DF82E7}.Debug|Any CPU.Build.0 = Debug|Any CPU
		{507C66F3-3BCF-4665-8071-10EBF5DF82E7}.Release|Any CPU.ActiveCfg = Release|Any CPU
		{507C66F3-3BCF-4665-8071-10EBF5DF82E7}.Release|Any CPU.Build.0 = Release|Any CPU
		{4E760919-1FDC-4B93-8FD3-C862EA3EA9F7}.Debug|Any CPU.ActiveCfg = Debug|Any CPU
		{4E760919-1FDC-4B93-8FD3-C862EA3EA9F7}.Debug|Any CPU.Build.0 = Debug|Any CPU
		{4E760919-1FDC-4B93-8FD3-C862EA3EA9F7}.Release|Any CPU.ActiveCfg = Release|Any CPU
		{4E760919-1FDC-4B93-8FD3-C862EA3EA9F7}.Release|Any CPU.Build.0 = Release|Any CPU
	EndGlobalSection
	GlobalSection(SolutionProperties) = preSolution
		HideSolutionNode = FALSE
	EndGlobalSection
	GlobalSection(NestedProjects) = preSolution
		{5202A0B7-E9A4-4D40-8E17-ACF86AA6DF60} = {48A2A654-8215-46FE-B9BE-1A8F5BE0CC99}
	EndGlobalSection
EndGlobal
