
Microsoft Visual Studio Solution File, Format Version 12.00
# Visual Studio 2013
VisualStudioVersion = 12.0.30723.0
MinimumVisualStudioVersion = 10.0.40219.1
Project("{FAE04EC0-301F-11D3-BF4B-00C04F79EFBC}") = "ReptileManager", "ReptileManager\ReptileManager.csproj", "{FE095006-CA92-4C62-8149-AF667B38B2BF}"
EndProject
Project("{2150E333-8FDC-42A3-9474-1A3956D46DE8}") = "PublishScripts", "PublishScripts", "{1A925CA1-69FA-4B0D-8EF9-7A7375A13F0B}"
	ProjectSection(SolutionItems) = preProject
		PublishScripts\AzureWebsitePublishModule.psm1 = PublishScripts\AzureWebsitePublishModule.psm1
		PublishScripts\Publish-WebApplicationWebsite.ps1 = PublishScripts\Publish-WebApplicationWebsite.ps1
	EndProjectSection
EndProject
Project("{2150E333-8FDC-42A3-9474-1A3956D46DE8}") = "Configurations", "Configurations", "{2CBDF11D-0082-421E-9552-0A7930CDB20A}"
	ProjectSection(SolutionItems) = preProject
		PublishScripts\Configurations\ReptileManager-WAWS-dev.json = PublishScripts\Configurations\ReptileManager-WAWS-dev.json
	EndProjectSection
EndProject
Project("{2150E333-8FDC-42A3-9474-1A3956D46DE8}") = ".nuget", ".nuget", "{39D129B5-9422-43EC-B0A1-74EB0D09BE5D}"
	ProjectSection(SolutionItems) = preProject
		.nuget\packages.config = .nuget\packages.config
	EndProjectSection
EndProject
Global
	GlobalSection(SolutionConfigurationPlatforms) = preSolution
		Debug|Any CPU = Debug|Any CPU
		Release|Any CPU = Release|Any CPU
	EndGlobalSection
	GlobalSection(ProjectConfigurationPlatforms) = postSolution
		{FE095006-CA92-4C62-8149-AF667B38B2BF}.Debug|Any CPU.ActiveCfg = Debug|Any CPU
		{FE095006-CA92-4C62-8149-AF667B38B2BF}.Debug|Any CPU.Build.0 = Debug|Any CPU
		{FE095006-CA92-4C62-8149-AF667B38B2BF}.Release|Any CPU.ActiveCfg = Release|Any CPU
		{FE095006-CA92-4C62-8149-AF667B38B2BF}.Release|Any CPU.Build.0 = Release|Any CPU
	EndGlobalSection
	GlobalSection(SolutionProperties) = preSolution
		HideSolutionNode = FALSE
	EndGlobalSection
	GlobalSection(NestedProjects) = preSolution
		{2CBDF11D-0082-421E-9552-0A7930CDB20A} = {1A925CA1-69FA-4B0D-8EF9-7A7375A13F0B}
	EndGlobalSection
EndGlobal
